
Microsoft Visual Studio Solution File, Format Version 12.00
# Visual Studio Version 16
VisualStudioVersion = 16.0.30621.155
MinimumVisualStudioVersion = 10.0.40219.1
Project("{2150E333-8FDC-42A3-9474-1A3956D46DE8}") = "quickBasic", "quickBasic", "{7A93F568-FC02-478F-8189-68EB602CBFD7}"
EndProject
Project("{2150E333-8FDC-42A3-9474-1A3956D46DE8}") = "Apress", "Apress", "{064D0165-019C-41B0-9141-738B4A0133F2}"
EndProject
Project("{F184B08F-C81C-45F6-A57F-5ABD9991F28F}") = "collectionUtilities", "collectionUtilities\collectionUtilities.vbproj", "{F58D97BF-62D3-4D2B-9A3D-0B78A152AB43}"
EndProject
Project("{F184B08F-C81C-45F6-A57F-5ABD9991F28F}") = "reLab", "reLab\reLab.vbproj", "{F85D58B9-0FCA-4FC5-ABC2-604B52D7037D}"
EndProject
Project("{F184B08F-C81C-45F6-A57F-5ABD9991F28F}") = "utilities", "utilities\utilities.vbproj", "{A5FDE5E9-2DD8-40D4-8183-46E0FEE30F5F}"
EndProject
Project("{F184B08F-C81C-45F6-A57F-5ABD9991F28F}") = "windowsUtilities", "windowsUtilities\windowsUtilities.vbproj", "{F09BAB71-81B4-4B3C-88ED-49C4C7F41536}"
EndProject
Project("{F184B08F-C81C-45F6-A57F-5ABD9991F28F}") = "zoom", "zoom\zoom.vbproj", "{FD422408-5C05-4C62-97F9-A4E64CE8B4D5}"
EndProject
Project("{F184B08F-C81C-45F6-A57F-5ABD9991F28F}") = "qbGUI", "Apress\quickBasic\qbGUI\qbGUI.vbproj", "{839B18D8-4754-4AEE-A731-6E18C15F0C6D}"
EndProject
Project("{F184B08F-C81C-45F6-A57F-5ABD9991F28F}") = "qbOp", "Apress\quickBasic\qbOp\qbOp.vbproj", "{A53B0924-E97B-43F0-9F89-56EE7FC46C94}"
EndProject
Project("{F184B08F-C81C-45F6-A57F-5ABD9991F28F}") = "qbPolish", "Apress\quickBasic\qbPolish\qbPolish.vbproj", "{40117E7B-92D4-46F6-8BFE-CE2C7F3DD121}"
EndProject
Project("{F184B08F-C81C-45F6-A57F-5ABD9991F28F}") = "qbScanner", "Apress\quickBasic\qbScanner\qbScanner.vbproj", "{5228C714-293E-4D56-B084-3A4F1488787F}"
EndProject
Project("{F184B08F-C81C-45F6-A57F-5ABD9991F28F}") = "qbScannerTest", "Apress\quickBasic\qbScannerTest\qbScannerTest.vbproj", "{B8F0A56B-C5EE-49A5-91B9-1E3E78C55D81}"
EndProject
Project("{F184B08F-C81C-45F6-A57F-5ABD9991F28F}") = "qbToken", "Apress\quickBasic\qbToken\qbToken.vbproj", "{815CD2E6-9719-4B16-8E05-67B5AC507DD6}"
EndProject
Project("{F184B08F-C81C-45F6-A57F-5ABD9991F28F}") = "qbTokenType", "Apress\quickBasic\qbTokenType\qbTokenType.vbproj", "{82353F27-69B5-4DFF-9CA0-2ED1362DD897}"
EndProject
Project("{F184B08F-C81C-45F6-A57F-5ABD9991F28F}") = "qbVariable", "Apress\quickBasic\qbVariable\qbVariable.vbproj", "{EDC78191-7CA6-42F7-A7E7-B6B164229CBC}"
EndProject
Project("{F184B08F-C81C-45F6-A57F-5ABD9991F28F}") = "qbVariableType", "Apress\quickBasic\qbVariableType\qbVariableType.vbproj", "{12312445-026D-45DE-A7A4-EF1559E50CF1}"
EndProject
Project("{F184B08F-C81C-45F6-A57F-5ABD9991F28F}") = "quickBasicEngine", "Apress\quickBasic\quickBasicEngine\quickBasicEngine.vbproj", "{B947BE61-3610-4AC0-844F-C222F78CF7F1}"
EndProject
Project("{F184B08F-C81C-45F6-A57F-5ABD9991F28F}") = "integerCalc", "Apress\integerCalc\integerCalc.vbproj", "{4D9946B0-2B71-45D7-ACAF-76B70EE7745D}"
EndProject
Project("{F184B08F-C81C-45F6-A57F-5ABD9991F28F}") = "creditEvaluation", "Apress\creditEvaluation\creditEvaluation.vbproj", "{69BB02F6-1E9C-4015-B515-F7B2D5F443F9}"
EndProject
Project("{2150E333-8FDC-42A3-9474-1A3956D46DE8}") = "Solution Items", "Solution Items", "{1AFD153F-E757-48C6-A112-E57A4EDDFE86}"
	ProjectSection(SolutionItems) = preProject
		..\..\.gitignore = ..\..\.gitignore
	EndProjectSection
EndProject
Global
	GlobalSection(SolutionConfigurationPlatforms) = preSolution
		Debug|Any CPU = Debug|Any CPU
		Release|Any CPU = Release|Any CPU
	EndGlobalSection
	GlobalSection(ProjectConfigurationPlatforms) = postSolution
		{F58D97BF-62D3-4D2B-9A3D-0B78A152AB43}.Debug|Any CPU.ActiveCfg = Debug|Any CPU
		{F58D97BF-62D3-4D2B-9A3D-0B78A152AB43}.Debug|Any CPU.Build.0 = Debug|Any CPU
		{F58D97BF-62D3-4D2B-9A3D-0B78A152AB43}.Release|Any CPU.ActiveCfg = Release|Any CPU
		{F58D97BF-62D3-4D2B-9A3D-0B78A152AB43}.Release|Any CPU.Build.0 = Release|Any CPU
		{F85D58B9-0FCA-4FC5-ABC2-604B52D7037D}.Debug|Any CPU.ActiveCfg = Debug|Any CPU
		{F85D58B9-0FCA-4FC5-ABC2-604B52D7037D}.Debug|Any CPU.Build.0 = Debug|Any CPU
		{F85D58B9-0FCA-4FC5-ABC2-604B52D7037D}.Release|Any CPU.ActiveCfg = Release|Any CPU
		{F85D58B9-0FCA-4FC5-ABC2-604B52D7037D}.Release|Any CPU.Build.0 = Release|Any CPU
		{A5FDE5E9-2DD8-40D4-8183-46E0FEE30F5F}.Debug|Any CPU.ActiveCfg = Debug|Any CPU
		{A5FDE5E9-2DD8-40D4-8183-46E0FEE30F5F}.Debug|Any CPU.Build.0 = Debug|Any CPU
		{A5FDE5E9-2DD8-40D4-8183-46E0FEE30F5F}.Release|Any CPU.ActiveCfg = Release|Any CPU
		{A5FDE5E9-2DD8-40D4-8183-46E0FEE30F5F}.Release|Any CPU.Build.0 = Release|Any CPU
		{F09BAB71-81B4-4B3C-88ED-49C4C7F41536}.Debug|Any CPU.ActiveCfg = Debug|Any CPU
		{F09BAB71-81B4-4B3C-88ED-49C4C7F41536}.Debug|Any CPU.Build.0 = Debug|Any CPU
		{F09BAB71-81B4-4B3C-88ED-49C4C7F41536}.Release|Any CPU.ActiveCfg = Release|Any CPU
		{F09BAB71-81B4-4B3C-88ED-49C4C7F41536}.Release|Any CPU.Build.0 = Release|Any CPU
		{FD422408-5C05-4C62-97F9-A4E64CE8B4D5}.Debug|Any CPU.ActiveCfg = Debug|Any CPU
		{FD422408-5C05-4C62-97F9-A4E64CE8B4D5}.Debug|Any CPU.Build.0 = Debug|Any CPU
		{FD422408-5C05-4C62-97F9-A4E64CE8B4D5}.Release|Any CPU.ActiveCfg = Release|Any CPU
		{FD422408-5C05-4C62-97F9-A4E64CE8B4D5}.Release|Any CPU.Build.0 = Release|Any CPU
		{839B18D8-4754-4AEE-A731-6E18C15F0C6D}.Debug|Any CPU.ActiveCfg = Debug|Any CPU
		{839B18D8-4754-4AEE-A731-6E18C15F0C6D}.Debug|Any CPU.Build.0 = Debug|Any CPU
		{839B18D8-4754-4AEE-A731-6E18C15F0C6D}.Release|Any CPU.ActiveCfg = Release|Any CPU
		{839B18D8-4754-4AEE-A731-6E18C15F0C6D}.Release|Any CPU.Build.0 = Release|Any CPU
		{A53B0924-E97B-43F0-9F89-56EE7FC46C94}.Debug|Any CPU.ActiveCfg = Debug|Any CPU
		{A53B0924-E97B-43F0-9F89-56EE7FC46C94}.Debug|Any CPU.Build.0 = Debug|Any CPU
		{A53B0924-E97B-43F0-9F89-56EE7FC46C94}.Release|Any CPU.ActiveCfg = Release|Any CPU
		{A53B0924-E97B-43F0-9F89-56EE7FC46C94}.Release|Any CPU.Build.0 = Release|Any CPU
		{40117E7B-92D4-46F6-8BFE-CE2C7F3DD121}.Debug|Any CPU.ActiveCfg = Debug|Any CPU
		{40117E7B-92D4-46F6-8BFE-CE2C7F3DD121}.Debug|Any CPU.Build.0 = Debug|Any CPU
		{40117E7B-92D4-46F6-8BFE-CE2C7F3DD121}.Release|Any CPU.ActiveCfg = Release|Any CPU
		{40117E7B-92D4-46F6-8BFE-CE2C7F3DD121}.Release|Any CPU.Build.0 = Release|Any CPU
		{5228C714-293E-4D56-B084-3A4F1488787F}.Debug|Any CPU.ActiveCfg = Debug|Any CPU
		{5228C714-293E-4D56-B084-3A4F1488787F}.Debug|Any CPU.Build.0 = Debug|Any CPU
		{5228C714-293E-4D56-B084-3A4F1488787F}.Release|Any CPU.ActiveCfg = Release|Any CPU
		{5228C714-293E-4D56-B084-3A4F1488787F}.Release|Any CPU.Build.0 = Release|Any CPU
		{B8F0A56B-C5EE-49A5-91B9-1E3E78C55D81}.Debug|Any CPU.ActiveCfg = Debug|Any CPU
		{B8F0A56B-C5EE-49A5-91B9-1E3E78C55D81}.Debug|Any CPU.Build.0 = Debug|Any CPU
		{B8F0A56B-C5EE-49A5-91B9-1E3E78C55D81}.Release|Any CPU.ActiveCfg = Release|Any CPU
		{B8F0A56B-C5EE-49A5-91B9-1E3E78C55D81}.Release|Any CPU.Build.0 = Release|Any CPU
		{815CD2E6-9719-4B16-8E05-67B5AC507DD6}.Debug|Any CPU.ActiveCfg = Debug|Any CPU
		{815CD2E6-9719-4B16-8E05-67B5AC507DD6}.Debug|Any CPU.Build.0 = Debug|Any CPU
		{815CD2E6-9719-4B16-8E05-67B5AC507DD6}.Release|Any CPU.ActiveCfg = Release|Any CPU
		{815CD2E6-9719-4B16-8E05-67B5AC507DD6}.Release|Any CPU.Build.0 = Release|Any CPU
		{82353F27-69B5-4DFF-9CA0-2ED1362DD897}.Debug|Any CPU.ActiveCfg = Debug|Any CPU
		{82353F27-69B5-4DFF-9CA0-2ED1362DD897}.Debug|Any CPU.Build.0 = Debug|Any CPU
		{82353F27-69B5-4DFF-9CA0-2ED1362DD897}.Release|Any CPU.ActiveCfg = Release|Any CPU
		{82353F27-69B5-4DFF-9CA0-2ED1362DD897}.Release|Any CPU.Build.0 = Release|Any CPU
		{EDC78191-7CA6-42F7-A7E7-B6B164229CBC}.Debug|Any CPU.ActiveCfg = Debug|Any CPU
		{EDC78191-7CA6-42F7-A7E7-B6B164229CBC}.Debug|Any CPU.Build.0 = Debug|Any CPU
		{EDC78191-7CA6-42F7-A7E7-B6B164229CBC}.Release|Any CPU.ActiveCfg = Release|Any CPU
		{EDC78191-7CA6-42F7-A7E7-B6B164229CBC}.Release|Any CPU.Build.0 = Release|Any CPU
		{12312445-026D-45DE-A7A4-EF1559E50CF1}.Debug|Any CPU.ActiveCfg = Debug|Any CPU
		{12312445-026D-45DE-A7A4-EF1559E50CF1}.Debug|Any CPU.Build.0 = Debug|Any CPU
		{12312445-026D-45DE-A7A4-EF1559E50CF1}.Release|Any CPU.ActiveCfg = Release|Any CPU
		{12312445-026D-45DE-A7A4-EF1559E50CF1}.Release|Any CPU.Build.0 = Release|Any CPU
		{B947BE61-3610-4AC0-844F-C222F78CF7F1}.Debug|Any CPU.ActiveCfg = Debug|Any CPU
		{B947BE61-3610-4AC0-844F-C222F78CF7F1}.Debug|Any CPU.Build.0 = Debug|Any CPU
		{B947BE61-3610-4AC0-844F-C222F78CF7F1}.Release|Any CPU.ActiveCfg = Release|Any CPU
		{B947BE61-3610-4AC0-844F-C222F78CF7F1}.Release|Any CPU.Build.0 = Release|Any CPU
		{4D9946B0-2B71-45D7-ACAF-76B70EE7745D}.Debug|Any CPU.ActiveCfg = Debug|Any CPU
		{4D9946B0-2B71-45D7-ACAF-76B70EE7745D}.Debug|Any CPU.Build.0 = Debug|Any CPU
		{4D9946B0-2B71-45D7-ACAF-76B70EE7745D}.Release|Any CPU.ActiveCfg = Release|Any CPU
		{4D9946B0-2B71-45D7-ACAF-76B70EE7745D}.Release|Any CPU.Build.0 = Release|Any CPU
		{69BB02F6-1E9C-4015-B515-F7B2D5F443F9}.Debug|Any CPU.ActiveCfg = Debug|Any CPU
		{69BB02F6-1E9C-4015-B515-F7B2D5F443F9}.Debug|Any CPU.Build.0 = Debug|Any CPU
		{69BB02F6-1E9C-4015-B515-F7B2D5F443F9}.Release|Any CPU.ActiveCfg = Release|Any CPU
		{69BB02F6-1E9C-4015-B515-F7B2D5F443F9}.Release|Any CPU.Build.0 = Release|Any CPU
	EndGlobalSection
	GlobalSection(SolutionProperties) = preSolution
		HideSolutionNode = FALSE
	EndGlobalSection
	GlobalSection(NestedProjects) = preSolution
		{7A93F568-FC02-478F-8189-68EB602CBFD7} = {064D0165-019C-41B0-9141-738B4A0133F2}
		{839B18D8-4754-4AEE-A731-6E18C15F0C6D} = {7A93F568-FC02-478F-8189-68EB602CBFD7}
		{A53B0924-E97B-43F0-9F89-56EE7FC46C94} = {7A93F568-FC02-478F-8189-68EB602CBFD7}
		{40117E7B-92D4-46F6-8BFE-CE2C7F3DD121} = {7A93F568-FC02-478F-8189-68EB602CBFD7}
		{5228C714-293E-4D56-B084-3A4F1488787F} = {7A93F568-FC02-478F-8189-68EB602CBFD7}
		{B8F0A56B-C5EE-49A5-91B9-1E3E78C55D81} = {7A93F568-FC02-478F-8189-68EB602CBFD7}
		{815CD2E6-9719-4B16-8E05-67B5AC507DD6} = {7A93F568-FC02-478F-8189-68EB602CBFD7}
		{82353F27-69B5-4DFF-9CA0-2ED1362DD897} = {7A93F568-FC02-478F-8189-68EB602CBFD7}
		{EDC78191-7CA6-42F7-A7E7-B6B164229CBC} = {7A93F568-FC02-478F-8189-68EB602CBFD7}
		{12312445-026D-45DE-A7A4-EF1559E50CF1} = {7A93F568-FC02-478F-8189-68EB602CBFD7}
		{B947BE61-3610-4AC0-844F-C222F78CF7F1} = {7A93F568-FC02-478F-8189-68EB602CBFD7}
		{4D9946B0-2B71-45D7-ACAF-76B70EE7745D} = {064D0165-019C-41B0-9141-738B4A0133F2}
		{69BB02F6-1E9C-4015-B515-F7B2D5F443F9} = {064D0165-019C-41B0-9141-738B4A0133F2}
	EndGlobalSection
	GlobalSection(ExtensibilityGlobals) = postSolution
		SolutionGuid = {157E6CBA-2B9B-41CA-A1D4-83E89C5E91F3}
	EndGlobalSection
EndGlobal
